// !$*UTF8*$!
{
	archiveVersion = 1;
	classes = {
	};
	objectVersion = 55;
	objects = {

/* Begin PBXBuildFile section */
		98096D1727BFD9C200794100 /* LocationsViewController.swift in Sources */ = {isa = PBXBuildFile; fileRef = 98096D1627BFD9C200794100 /* LocationsViewController.swift */; };
		9817595627C50CEA0095EC45 /* UIImage_Resize.swift in Sources */ = {isa = PBXBuildFile; fileRef = 9817595527C50CEA0095EC45 /* UIImage_Resize.swift */; };
		9817595927C50D3C0095EC45 /* CLLocationCoordinate2D_Equatable.swift in Sources */ = {isa = PBXBuildFile; fileRef = 9817595827C50D3C0095EC45 /* CLLocationCoordinate2D_Equatable.swift */; };
		986FF56F27BFFE3D00E421FC /* LocationCell.swift in Sources */ = {isa = PBXBuildFile; fileRef = 986FF56E27BFFE3D00E421FC /* LocationCell.swift */; };
		9873040E27BC06060071B45F /* LocationDetailsViewController.swift in Sources */ = {isa = PBXBuildFile; fileRef = 9873040D27BC06060071B45F /* LocationDetailsViewController.swift */; };
		9878D6A527BA51E400FFE429 /* AppDelegate.swift in Sources */ = {isa = PBXBuildFile; fileRef = 9878D6A427BA51E400FFE429 /* AppDelegate.swift */; };
		9878D6A727BA51E400FFE429 /* SceneDelegate.swift in Sources */ = {isa = PBXBuildFile; fileRef = 9878D6A627BA51E400FFE429 /* SceneDelegate.swift */; };
		9878D6A927BA51E400FFE429 /* CurrentLocationViewController.swift in Sources */ = {isa = PBXBuildFile; fileRef = 9878D6A827BA51E400FFE429 /* CurrentLocationViewController.swift */; };
		9878D6AC27BA51E400FFE429 /* Main.storyboard in Resources */ = {isa = PBXBuildFile; fileRef = 9878D6AA27BA51E400FFE429 /* Main.storyboard */; };
		9878D6AF27BA51E400FFE429 /* MyLocations.xcdatamodeld in Sources */ = {isa = PBXBuildFile; fileRef = 9878D6AD27BA51E400FFE429 /* MyLocations.xcdatamodeld */; };
		9878D6B127BA51E400FFE429 /* Assets.xcassets in Resources */ = {isa = PBXBuildFile; fileRef = 9878D6B027BA51E400FFE429 /* Assets.xcassets */; };
		9878D6B427BA51E400FFE429 /* LaunchScreen.storyboard in Resources */ = {isa = PBXBuildFile; fileRef = 9878D6B227BA51E400FFE429 /* LaunchScreen.storyboard */; };
		988C984527BC38CB00934E28 /* CategoryPickerViewController.swift in Sources */ = {isa = PBXBuildFile; fileRef = 988C984427BC38CB00934E28 /* CategoryPickerViewController.swift */; };
		9893519627BD6FD1005495A9 /* HudView.swift in Sources */ = {isa = PBXBuildFile; fileRef = 9893519527BD6FD1005495A9 /* HudView.swift */; };
		9893519827BD8B48005495A9 /* Functions.swift in Sources */ = {isa = PBXBuildFile; fileRef = 9893519727BD8B48005495A9 /* Functions.swift */; };
		9893519C27BE366F005495A9 /* Geolocation.swift in Sources */ = {isa = PBXBuildFile; fileRef = 9893519B27BE366F005495A9 /* Geolocation.swift */; };
		989351A227BE9C1A005495A9 /* Location+CoreDataClass.swift in Sources */ = {isa = PBXBuildFile; fileRef = 989351A027BE9C1A005495A9 /* Location+CoreDataClass.swift */; };
		989351A327BE9C1A005495A9 /* Location+CoreDataProperties.swift in Sources */ = {isa = PBXBuildFile; fileRef = 989351A127BE9C1A005495A9 /* Location+CoreDataProperties.swift */; };
		98DC2A7F27C11D2100D21CF0 /* MapViewController.swift in Sources */ = {isa = PBXBuildFile; fileRef = 98DC2A7E27C11D2100D21CF0 /* MapViewController.swift */; };
		98DC2A8127C2364E00D21CF0 /* ReverseGeocodingGoogle.swift in Sources */ = {isa = PBXBuildFile; fileRef = 98DC2A8027C2364E00D21CF0 /* ReverseGeocodingGoogle.swift */; };
		98DC2A8427C2449400D21CF0 /* Private.plist in Resources */ = {isa = PBXBuildFile; fileRef = 98DC2A8327C2449400D21CF0 /* Private.plist */; };
		98DC2A8C27C29FBC00D21CF0 /* RootTabController.swift in Sources */ = {isa = PBXBuildFile; fileRef = 98DC2A8B27C29FBC00D21CF0 /* RootTabController.swift */; };
		98E4691D27C6AA4F0086505E /* Sound.caf in Resources */ = {isa = PBXBuildFile; fileRef = 98E4691C27C6AA4F0086505E /* Sound.caf */; };
/* End PBXBuildFile section */

/* Begin PBXFileReference section */
		98096D1627BFD9C200794100 /* LocationsViewController.swift */ = {isa = PBXFileReference; lastKnownFileType = sourcecode.swift; path = LocationsViewController.swift; sourceTree = "<group>"; };
		9817595527C50CEA0095EC45 /* UIImage_Resize.swift */ = {isa = PBXFileReference; lastKnownFileType = sourcecode.swift; path = UIImage_Resize.swift; sourceTree = "<group>"; };
		9817595827C50D3C0095EC45 /* CLLocationCoordinate2D_Equatable.swift */ = {isa = PBXFileReference; lastKnownFileType = sourcecode.swift; path = CLLocationCoordinate2D_Equatable.swift; sourceTree = "<group>"; };
		986FF56E27BFFE3D00E421FC /* LocationCell.swift */ = {isa = PBXFileReference; lastKnownFileType = sourcecode.swift; path = LocationCell.swift; sourceTree = "<group>"; };
		9873040D27BC06060071B45F /* LocationDetailsViewController.swift */ = {isa = PBXFileReference; lastKnownFileType = sourcecode.swift; path = LocationDetailsViewController.swift; sourceTree = "<group>"; };
		9878D6A127BA51E400FFE429 /* MyLocations.app */ = {isa = PBXFileReference; explicitFileType = wrapper.application; includeInIndex = 0; path = MyLocations.app; sourceTree = BUILT_PRODUCTS_DIR; };
		9878D6A427BA51E400FFE429 /* AppDelegate.swift */ = {isa = PBXFileReference; lastKnownFileType = sourcecode.swift; path = AppDelegate.swift; sourceTree = "<group>"; };
		9878D6A627BA51E400FFE429 /* SceneDelegate.swift */ = {isa = PBXFileReference; lastKnownFileType = sourcecode.swift; path = SceneDelegate.swift; sourceTree = "<group>"; };
		9878D6A827BA51E400FFE429 /* CurrentLocationViewController.swift */ = {isa = PBXFileReference; lastKnownFileType = sourcecode.swift; path = CurrentLocationViewController.swift; sourceTree = "<group>"; };
		9878D6AB27BA51E400FFE429 /* Base */ = {isa = PBXFileReference; lastKnownFileType = file.storyboard; name = Base; path = Base.lproj/Main.storyboard; sourceTree = "<group>"; };
		9878D6AE27BA51E400FFE429 /* MyLocations.xcdatamodel */ = {isa = PBXFileReference; lastKnownFileType = wrapper.xcdatamodel; path = MyLocations.xcdatamodel; sourceTree = "<group>"; };
		9878D6B027BA51E400FFE429 /* Assets.xcassets */ = {isa = PBXFileReference; lastKnownFileType = folder.assetcatalog; path = Assets.xcassets; sourceTree = "<group>"; };
		9878D6B327BA51E400FFE429 /* Base */ = {isa = PBXFileReference; lastKnownFileType = file.storyboard; name = Base; path = Base.lproj/LaunchScreen.storyboard; sourceTree = "<group>"; };
		9878D6B527BA51E400FFE429 /* Info.plist */ = {isa = PBXFileReference; lastKnownFileType = text.plist.xml; path = Info.plist; sourceTree = "<group>"; };
		988C984427BC38CB00934E28 /* CategoryPickerViewController.swift */ = {isa = PBXFileReference; lastKnownFileType = sourcecode.swift; path = CategoryPickerViewController.swift; sourceTree = "<group>"; };
		9893519527BD6FD1005495A9 /* HudView.swift */ = {isa = PBXFileReference; lastKnownFileType = sourcecode.swift; path = HudView.swift; sourceTree = "<group>"; };
		9893519727BD8B48005495A9 /* Functions.swift */ = {isa = PBXFileReference; lastKnownFileType = sourcecode.swift; path = Functions.swift; sourceTree = "<group>"; };
		9893519B27BE366F005495A9 /* Geolocation.swift */ = {isa = PBXFileReference; lastKnownFileType = sourcecode.swift; path = Geolocation.swift; sourceTree = "<group>"; };
		989351A027BE9C1A005495A9 /* Location+CoreDataClass.swift */ = {isa = PBXFileReference; lastKnownFileType = sourcecode.swift; path = "Location+CoreDataClass.swift"; sourceTree = "<group>"; };
		989351A127BE9C1A005495A9 /* Location+CoreDataProperties.swift */ = {isa = PBXFileReference; lastKnownFileType = sourcecode.swift; path = "Location+CoreDataProperties.swift"; sourceTree = "<group>"; };
		98DC2A7E27C11D2100D21CF0 /* MapViewController.swift */ = {isa = PBXFileReference; lastKnownFileType = sourcecode.swift; path = MapViewController.swift; sourceTree = "<group>"; };
		98DC2A8027C2364E00D21CF0 /* ReverseGeocodingGoogle.swift */ = {isa = PBXFileReference; lastKnownFileType = sourcecode.swift; path = ReverseGeocodingGoogle.swift; sourceTree = "<group>"; };
		98DC2A8227C236D300D21CF0 /* SampleGoogle.json */ = {isa = PBXFileReference; lastKnownFileType = text.json; path = SampleGoogle.json; sourceTree = "<group>"; };
		98DC2A8327C2449400D21CF0 /* Private.plist */ = {isa = PBXFileReference; lastKnownFileType = text.plist.xml; path = Private.plist; sourceTree = "<group>"; };
		98DC2A8B27C29FBC00D21CF0 /* RootTabController.swift */ = {isa = PBXFileReference; lastKnownFileType = sourcecode.swift; path = RootTabController.swift; sourceTree = "<group>"; };
		98E4691C27C6AA4F0086505E /* Sound.caf */ = {isa = PBXFileReference; lastKnownFileType = file; path = Sound.caf; sourceTree = "<group>"; };
/* End PBXFileReference section */

/* Begin PBXFrameworksBuildPhase section */
		9878D69E27BA51E400FFE429 /* Frameworks */ = {
			isa = PBXFrameworksBuildPhase;
			buildActionMask = 2147483647;
			files = (
			);
			runOnlyForDeploymentPostprocessing = 0;
		};
/* End PBXFrameworksBuildPhase section */

/* Begin PBXGroup section */
		98096D1827BFD9DA00794100 /* Tag tab */ = {
			isa = PBXGroup;
			children = (
				9878D6A827BA51E400FFE429 /* CurrentLocationViewController.swift */,
				9873040D27BC06060071B45F /* LocationDetailsViewController.swift */,
				988C984427BC38CB00934E28 /* CategoryPickerViewController.swift */,
			);
			path = "Tag tab";
			sourceTree = "<group>";
		};
		9817595727C50CFA0095EC45 /* Extensions */ = {
			isa = PBXGroup;
			children = (
				9817595527C50CEA0095EC45 /* UIImage_Resize.swift */,
				9817595827C50D3C0095EC45 /* CLLocationCoordinate2D_Equatable.swift */,
			);
			path = Extensions;
			sourceTree = "<group>";
		};
		9878D69827BA51E400FFE429 = {
			isa = PBXGroup;
			children = (
				989351A027BE9C1A005495A9 /* Location+CoreDataClass.swift */,
				989351A127BE9C1A005495A9 /* Location+CoreDataProperties.swift */,
				9878D6A327BA51E400FFE429 /* MyLocations */,
				9878D6A227BA51E400FFE429 /* Products */,
			);
			sourceTree = "<group>";
		};
		9878D6A227BA51E400FFE429 /* Products */ = {
			isa = PBXGroup;
			children = (
				9878D6A127BA51E400FFE429 /* MyLocations.app */,
			);
			name = Products;
			sourceTree = "<group>";
		};
		9878D6A327BA51E400FFE429 /* MyLocations */ = {
			isa = PBXGroup;
			children = (
				9878D6A427BA51E400FFE429 /* AppDelegate.swift */,
				9878D6A627BA51E400FFE429 /* SceneDelegate.swift */,
				9893519F27BE522B005495A9 /* Model */,
				9893519927BE3649005495A9 /* Controllers */,
				9893519A27BE3652005495A9 /* View */,
				9817595727C50CFA0095EC45 /* Extensions */,
				98E4691B27C6AA4F0086505E /* Sound */,
				9878D6B027BA51E400FFE429 /* Assets.xcassets */,
				9878D6B527BA51E400FFE429 /* Info.plist */,
				98DC2A8327C2449400D21CF0 /* Private.plist */,
				9878D6AD27BA51E400FFE429 /* MyLocations.xcdatamodeld */,
				98DC2A8227C236D300D21CF0 /* SampleGoogle.json */,
			);
			path = MyLocations;
			sourceTree = "<group>";
		};
		9893519927BE3649005495A9 /* Controllers */ = {
			isa = PBXGroup;
			children = (
				98DC2A8B27C29FBC00D21CF0 /* RootTabController.swift */,
				98096D1827BFD9DA00794100 /* Tag tab */,
				98DC2A8727C277C000D21CF0 /* Locations Tab */,
				98DC2A8827C277CE00D21CF0 /* Map Tab */,
			);
			path = Controllers;
			sourceTree = "<group>";
		};
		9893519A27BE3652005495A9 /* View */ = {
			isa = PBXGroup;
			children = (
				9878D6AA27BA51E400FFE429 /* Main.storyboard */,
				9893519527BD6FD1005495A9 /* HudView.swift */,
				9878D6B227BA51E400FFE429 /* LaunchScreen.storyboard */,
			);
			path = View;
			sourceTree = "<group>";
		};
		9893519F27BE522B005495A9 /* Model */ = {
			isa = PBXGroup;
			children = (
				9893519B27BE366F005495A9 /* Geolocation.swift */,
				98DC2A8027C2364E00D21CF0 /* ReverseGeocodingGoogle.swift */,
				9893519727BD8B48005495A9 /* Functions.swift */,
			);
			path = Model;
			sourceTree = "<group>";
		};
		98DC2A8727C277C000D21CF0 /* Locations Tab */ = {
			isa = PBXGroup;
			children = (
				98096D1627BFD9C200794100 /* LocationsViewController.swift */,
				986FF56E27BFFE3D00E421FC /* LocationCell.swift */,
			);
			path = "Locations Tab";
			sourceTree = "<group>";
		};
		98DC2A8827C277CE00D21CF0 /* Map Tab */ = {
			isa = PBXGroup;
			children = (
				98DC2A7E27C11D2100D21CF0 /* MapViewController.swift */,
			);
			path = "Map Tab";
			sourceTree = "<group>";
		};
		98E4691B27C6AA4F0086505E /* Sound */ = {
			isa = PBXGroup;
			children = (
				98E4691C27C6AA4F0086505E /* Sound.caf */,
			);
			path = Sound;
			sourceTree = "<group>";
		};
/* End PBXGroup section */

/* Begin PBXNativeTarget section */
		9878D6A027BA51E400FFE429 /* MyLocations */ = {
			isa = PBXNativeTarget;
			buildConfigurationList = 9878D6B827BA51E400FFE429 /* Build configuration list for PBXNativeTarget "MyLocations" */;
			buildPhases = (
				9878D69D27BA51E400FFE429 /* Sources */,
				9878D69E27BA51E400FFE429 /* Frameworks */,
				9878D69F27BA51E400FFE429 /* Resources */,
			);
			buildRules = (
			);
			dependencies = (
			);
			name = MyLocations;
			productName = MyLocations;
			productReference = 9878D6A127BA51E400FFE429 /* MyLocations.app */;
			productType = "com.apple.product-type.application";
		};
/* End PBXNativeTarget section */

/* Begin PBXProject section */
		9878D69927BA51E400FFE429 /* Project object */ = {
			isa = PBXProject;
			attributes = {
				BuildIndependentTargetsInParallel = 1;
				LastSwiftUpdateCheck = 1320;
				LastUpgradeCheck = 1320;
				TargetAttributes = {
					9878D6A027BA51E400FFE429 = {
						CreatedOnToolsVersion = 13.2.1;
					};
				};
			};
			buildConfigurationList = 9878D69C27BA51E400FFE429 /* Build configuration list for PBXProject "MyLocations" */;
			compatibilityVersion = "Xcode 13.0";
			developmentRegion = en;
			hasScannedForEncodings = 0;
			knownRegions = (
				en,
				Base,
			);
			mainGroup = 9878D69827BA51E400FFE429;
			productRefGroup = 9878D6A227BA51E400FFE429 /* Products */;
			projectDirPath = "";
			projectRoot = "";
			targets = (
				9878D6A027BA51E400FFE429 /* MyLocations */,
			);
		};
/* End PBXProject section */

/* Begin PBXResourcesBuildPhase section */
		9878D69F27BA51E400FFE429 /* Resources */ = {
			isa = PBXResourcesBuildPhase;
			buildActionMask = 2147483647;
			files = (
				9878D6B427BA51E400FFE429 /* LaunchScreen.storyboard in Resources */,
				9878D6B127BA51E400FFE429 /* Assets.xcassets in Resources */,
				98DC2A8427C2449400D21CF0 /* Private.plist in Resources */,
				9878D6AC27BA51E400FFE429 /* Main.storyboard in Resources */,
				98E4691D27C6AA4F0086505E /* Sound.caf in Resources */,
			);
			runOnlyForDeploymentPostprocessing = 0;
		};
/* End PBXResourcesBuildPhase section */

/* Begin PBXSourcesBuildPhase section */
		9878D69D27BA51E400FFE429 /* Sources */ = {
			isa = PBXSourcesBuildPhase;
			buildActionMask = 2147483647;
			files = (
				988C984527BC38CB00934E28 /* CategoryPickerViewController.swift in Sources */,
				98DC2A8C27C29FBC00D21CF0 /* RootTabController.swift in Sources */,
				9878D6A927BA51E400FFE429 /* CurrentLocationViewController.swift in Sources */,
				9878D6A527BA51E400FFE429 /* AppDelegate.swift in Sources */,
				9893519827BD8B48005495A9 /* Functions.swift in Sources */,
				986FF56F27BFFE3D00E421FC /* LocationCell.swift in Sources */,
				9878D6AF27BA51E400FFE429 /* MyLocations.xcdatamodeld in Sources */,
				9878D6A727BA51E400FFE429 /* SceneDelegate.swift in Sources */,
				9893519627BD6FD1005495A9 /* HudView.swift in Sources */,
				98096D1727BFD9C200794100 /* LocationsViewController.swift in Sources */,
				989351A327BE9C1A005495A9 /* Location+CoreDataProperties.swift in Sources */,
				9873040E27BC06060071B45F /* LocationDetailsViewController.swift in Sources */,
				989351A227BE9C1A005495A9 /* Location+CoreDataClass.swift in Sources */,
				98DC2A7F27C11D2100D21CF0 /* MapViewController.swift in Sources */,
				9817595927C50D3C0095EC45 /* CLLocationCoordinate2D_Equatable.swift in Sources */,
				9817595627C50CEA0095EC45 /* UIImage_Resize.swift in Sources */,
				9893519C27BE366F005495A9 /* Geolocation.swift in Sources */,
				98DC2A8127C2364E00D21CF0 /* ReverseGeocodingGoogle.swift in Sources */,
			);
			runOnlyForDeploymentPostprocessing = 0;
		};
/* End PBXSourcesBuildPhase section */

/* Begin PBXVariantGroup section */
		9878D6AA27BA51E400FFE429 /* Main.storyboard */ = {
			isa = PBXVariantGroup;
			children = (
				9878D6AB27BA51E400FFE429 /* Base */,
			);
			name = Main.storyboard;
			sourceTree = "<group>";
		};
		9878D6B227BA51E400FFE429 /* LaunchScreen.storyboard */ = {
			isa = PBXVariantGroup;
			children = (
				9878D6B327BA51E400FFE429 /* Base */,
			);
			name = LaunchScreen.storyboard;
			sourceTree = "<group>";
		};
/* End PBXVariantGroup section */

/* Begin XCBuildConfiguration section */
		9878D6B627BA51E400FFE429 /* Debug */ = {
			isa = XCBuildConfiguration;
			buildSettings = {
				ALWAYS_SEARCH_USER_PATHS = NO;
				CLANG_ANALYZER_NONNULL = YES;
				CLANG_ANALYZER_NUMBER_OBJECT_CONVERSION = YES_AGGRESSIVE;
				CLANG_CXX_LANGUAGE_STANDARD = "gnu++17";
				CLANG_CXX_LIBRARY = "libc++";
				CLANG_ENABLE_MODULES = YES;
				CLANG_ENABLE_OBJC_ARC = YES;
				CLANG_ENABLE_OBJC_WEAK = YES;
				CLANG_WARN_BLOCK_CAPTURE_AUTORELEASING = YES;
				CLANG_WARN_BOOL_CONVERSION = YES;
				CLANG_WARN_COMMA = YES;
				CLANG_WARN_CONSTANT_CONVERSION = YES;
				CLANG_WARN_DEPRECATED_OBJC_IMPLEMENTATIONS = YES;
				CLANG_WARN_DIRECT_OBJC_ISA_USAGE = YES_ERROR;
				CLANG_WARN_DOCUMENTATION_COMMENTS = YES;
				CLANG_WARN_EMPTY_BODY = YES;
				CLANG_WARN_ENUM_CONVERSION = YES;
				CLANG_WARN_INFINITE_RECURSION = YES;
				CLANG_WARN_INT_CONVERSION = YES;
				CLANG_WARN_NON_LITERAL_NULL_CONVERSION = YES;
				CLANG_WARN_OBJC_IMPLICIT_RETAIN_SELF = YES;
				CLANG_WARN_OBJC_LITERAL_CONVERSION = YES;
				CLANG_WARN_OBJC_ROOT_CLASS = YES_ERROR;
				CLANG_WARN_QUOTED_INCLUDE_IN_FRAMEWORK_HEADER = YES;
				CLANG_WARN_RANGE_LOOP_ANALYSIS = YES;
				CLANG_WARN_STRICT_PROTOTYPES = YES;
				CLANG_WARN_SUSPICIOUS_MOVE = YES;
				CLANG_WARN_UNGUARDED_AVAILABILITY = YES_AGGRESSIVE;
				CLANG_WARN_UNREACHABLE_CODE = YES;
				CLANG_WARN__DUPLICATE_METHOD_MATCH = YES;
				COPY_PHASE_STRIP = NO;
				DEBUG_INFORMATION_FORMAT = dwarf;
				ENABLE_STRICT_OBJC_MSGSEND = YES;
				ENABLE_TESTABILITY = YES;
				GCC_C_LANGUAGE_STANDARD = gnu11;
				GCC_DYNAMIC_NO_PIC = NO;
				GCC_NO_COMMON_BLOCKS = YES;
				GCC_OPTIMIZATION_LEVEL = 0;
				GCC_PREPROCESSOR_DEFINITIONS = (
					"DEBUG=1",
					"$(inherited)",
				);
				GCC_WARN_64_TO_32_BIT_CONVERSION = YES;
				GCC_WARN_ABOUT_RETURN_TYPE = YES_ERROR;
				GCC_WARN_UNDECLARED_SELECTOR = YES;
				GCC_WARN_UNINITIALIZED_AUTOS = YES_AGGRESSIVE;
				GCC_WARN_UNUSED_FUNCTION = YES;
				GCC_WARN_UNUSED_VARIABLE = YES;
				IPHONEOS_DEPLOYMENT_TARGET = 15.2;
				MTL_ENABLE_DEBUG_INFO = INCLUDE_SOURCE;
				MTL_FAST_MATH = YES;
				ONLY_ACTIVE_ARCH = YES;
				SDKROOT = iphoneos;
				SWIFT_ACTIVE_COMPILATION_CONDITIONS = DEBUG;
				SWIFT_OPTIMIZATION_LEVEL = "-Onone";
			};
			name = Debug;
		};
		9878D6B727BA51E400FFE429 /* Release */ = {
			isa = XCBuildConfiguration;
			buildSettings = {
				ALWAYS_SEARCH_USER_PATHS = NO;
				CLANG_ANALYZER_NONNULL = YES;
				CLANG_ANALYZER_NUMBER_OBJECT_CONVERSION = YES_AGGRESSIVE;
				CLANG_CXX_LANGUAGE_STANDARD = "gnu++17";
				CLANG_CXX_LIBRARY = "libc++";
				CLANG_ENABLE_MODULES = YES;
				CLANG_ENABLE_OBJC_ARC = YES;
				CLANG_ENABLE_OBJC_WEAK = YES;
				CLANG_WARN_BLOCK_CAPTURE_AUTORELEASING = YES;
				CLANG_WARN_BOOL_CONVERSION = YES;
				CLANG_WARN_COMMA = YES;
				CLANG_WARN_CONSTANT_CONVERSION = YES;
				CLANG_WARN_DEPRECATED_OBJC_IMPLEMENTATIONS = YES;
				CLANG_WARN_DIRECT_OBJC_ISA_USAGE = YES_ERROR;
				CLANG_WARN_DOCUMENTATION_COMMENTS = YES;
				CLANG_WARN_EMPTY_BODY = YES;
				CLANG_WARN_ENUM_CONVERSION = YES;
				CLANG_WARN_INFINITE_RECURSION = YES;
				CLANG_WARN_INT_CONVERSION = YES;
				CLANG_WARN_NON_LITERAL_NULL_CONVERSION = YES;
				CLANG_WARN_OBJC_IMPLICIT_RETAIN_SELF = YES;
				CLANG_WARN_OBJC_LITERAL_CONVERSION = YES;
				CLANG_WARN_OBJC_ROOT_CLASS = YES_ERROR;
				CLANG_WARN_QUOTED_INCLUDE_IN_FRAMEWORK_HEADER = YES;
				CLANG_WARN_RANGE_LOOP_ANALYSIS = YES;
				CLANG_WARN_STRICT_PROTOTYPES = YES;
				CLANG_WARN_SUSPICIOUS_MOVE = YES;
				CLANG_WARN_UNGUARDED_AVAILABILITY = YES_AGGRESSIVE;
				CLANG_WARN_UNREACHABLE_CODE = YES;
				CLANG_WARN__DUPLICATE_METHOD_MATCH = YES;
				COPY_PHASE_STRIP = NO;
				DEBUG_INFORMATION_FORMAT = "dwarf-with-dsym";
				ENABLE_NS_ASSERTIONS = NO;
				ENABLE_STRICT_OBJC_MSGSEND = YES;
				GCC_C_LANGUAGE_STANDARD = gnu11;
				GCC_NO_COMMON_BLOCKS = YES;
				GCC_WARN_64_TO_32_BIT_CONVERSION = YES;
				GCC_WARN_ABOUT_RETURN_TYPE = YES_ERROR;
				GCC_WARN_UNDECLARED_SELECTOR = YES;
				GCC_WARN_UNINITIALIZED_AUTOS = YES_AGGRESSIVE;
				GCC_WARN_UNUSED_FUNCTION = YES;
				GCC_WARN_UNUSED_VARIABLE = YES;
				IPHONEOS_DEPLOYMENT_TARGET = 15.2;
				MTL_ENABLE_DEBUG_INFO = NO;
				MTL_FAST_MATH = YES;
				SDKROOT = iphoneos;
				SWIFT_COMPILATION_MODE = wholemodule;
				SWIFT_OPTIMIZATION_LEVEL = "-O";
				VALIDATE_PRODUCT = YES;
			};
			name = Release;
		};
		9878D6B927BA51E400FFE429 /* Debug */ = {
			isa = XCBuildConfiguration;
			buildSettings = {
				ASSETCATALOG_COMPILER_APPICON_NAME = AppIcon;
				ASSETCATALOG_COMPILER_GLOBAL_ACCENT_COLOR_NAME = AccentColor;
				CODE_SIGN_STYLE = Automatic;
				CURRENT_PROJECT_VERSION = 1;
				DEVELOPMENT_TEAM = 2W69D3B8FV;
				GENERATE_INFOPLIST_FILE = YES;
				INFOPLIST_FILE = MyLocations/Info.plist;
				INFOPLIST_KEY_NSCameraUsageDescription = "To make photos and add to tagged loacations";
				INFOPLIST_KEY_NSLocationWhenInUseUsageDescription = "This app lets you keep track of interesting places. It needs access to the GPS coordinates for your location.";
				INFOPLIST_KEY_NSPhotoLibraryUsageDescription = "To add photos to tagged loacations";
				INFOPLIST_KEY_UIApplicationSupportsIndirectInputEvents = YES;
				INFOPLIST_KEY_UILaunchStoryboardName = Main;
				INFOPLIST_KEY_UIMainStoryboardFile = Main;
				INFOPLIST_KEY_UIRequiredDeviceCapabilities = "location-services";
				INFOPLIST_KEY_UISupportedInterfaceOrientations = UIInterfaceOrientationPortrait;
				INFOPLIST_KEY_UISupportedInterfaceOrientations_iPad = "UIInterfaceOrientationPortrait UIInterfaceOrientationPortraitUpsideDown UIInterfaceOrientationLandscapeLeft UIInterfaceOrientationLandscapeRight";
				INFOPLIST_KEY_UISupportedInterfaceOrientations_iPhone = "UIInterfaceOrientationPortrait UIInterfaceOrientationLandscapeLeft UIInterfaceOrientationLandscapeRight";
				LD_RUNPATH_SEARCH_PATHS = (
					"$(inherited)",
					"@executable_path/Frameworks",
				);
				MARKETING_VERSION = 1.0;
				PRODUCT_BUNDLE_IDENTIFIER = com.iStefBK.MyLocations;
				PRODUCT_NAME = "$(TARGET_NAME)";
				SWIFT_EMIT_LOC_STRINGS = YES;
				SWIFT_VERSION = 5.0;
				TARGETED_DEVICE_FAMILY = "1,2";
			};
			name = Debug;
		};
		9878D6BA27BA51E400FFE429 /* Release */ = {
			isa = XCBuildConfiguration;
			buildSettings = {
				ASSETCATALOG_COMPILER_APPICON_NAME = AppIcon;
				ASSETCATALOG_COMPILER_GLOBAL_ACCENT_COLOR_NAME = AccentColor;
				CODE_SIGN_STYLE = Automatic;
				CURRENT_PROJECT_VERSION = 1;
				DEVELOPMENT_TEAM = 2W69D3B8FV;
				GENERATE_INFOPLIST_FILE = YES;
				INFOPLIST_FILE = MyLocations/Info.plist;
				INFOPLIST_KEY_NSCameraUsageDescription = "To make photos and add to tagged loacations";
				INFOPLIST_KEY_NSLocationWhenInUseUsageDescription = "This app lets you keep track of interesting places. It needs access to the GPS coordinates for your location.";
				INFOPLIST_KEY_NSPhotoLibraryUsageDescription = "To add photos to tagged loacations";
				INFOPLIST_KEY_UIApplicationSupportsIndirectInputEvents = YES;
				INFOPLIST_KEY_UILaunchStoryboardName = Main;
				INFOPLIST_KEY_UIMainStoryboardFile = Main;
				INFOPLIST_KEY_UIRequiredDeviceCapabilities = "location-services";
				INFOPLIST_KEY_UISupportedInterfaceOrientations = UIInterfaceOrientationPortrait;
				INFOPLIST_KEY_UISupportedInterfaceOrientations_iPad = "UIInterfaceOrientationPortrait UIInterfaceOrientationPortraitUpsideDown UIInterfaceOrientationLandscapeLeft UIInterfaceOrientationLandscapeRight";
				INFOPLIST_KEY_UISupportedInterfaceOrientations_iPhone = "UIInterfaceOrientationPortrait UIInterfaceOrientationLandscapeLeft UIInterfaceOrientationLandscapeRight";
				LD_RUNPATH_SEARCH_PATHS = (
					"$(inherited)",
					"@executable_path/Frameworks",
				);
				MARKETING_VERSION = 1.0;
				PRODUCT_BUNDLE_IDENTIFIER = com.iStefBK.MyLocations;
				PRODUCT_NAME = "$(TARGET_NAME)";
				SWIFT_EMIT_LOC_STRINGS = YES;
				SWIFT_VERSION = 5.0;
				TARGETED_DEVICE_FAMILY = "1,2";
			};
			name = Release;
		};
/* End XCBuildConfiguration section */

/* Begin XCConfigurationList section */
		9878D69C27BA51E400FFE429 /* Build configuration list for PBXProject "MyLocations" */ = {
			isa = XCConfigurationList;
			buildConfigurations = (
				9878D6B627BA51E400FFE429 /* Debug */,
				9878D6B727BA51E400FFE429 /* Release */,
			);
			defaultConfigurationIsVisible = 0;
			defaultConfigurationName = Release;
		};
		9878D6B827BA51E400FFE429 /* Build configuration list for PBXNativeTarget "MyLocations" */ = {
			isa = XCConfigurationList;
			buildConfigurations = (
				9878D6B927BA51E400FFE429 /* Debug */,
				9878D6BA27BA51E400FFE429 /* Release */,
			);
			defaultConfigurationIsVisible = 0;
			defaultConfigurationName = Release;
		};
/* End XCConfigurationList section */

/* Begin XCVersionGroup section */
		9878D6AD27BA51E400FFE429 /* MyLocations.xcdatamodeld */ = {
			isa = XCVersionGroup;
			children = (
				9878D6AE27BA51E400FFE429 /* MyLocations.xcdatamodel */,
			);
			currentVersion = 9878D6AE27BA51E400FFE429 /* MyLocations.xcdatamodel */;
			path = MyLocations.xcdatamodeld;
			sourceTree = "<group>";
			versionGroupType = wrapper.xcdatamodel;
		};
/* End XCVersionGroup section */
	};
	rootObject = 9878D69927BA51E400FFE429 /* Project object */;
}
